// !$*UTF8*$!
{
	archiveVersion = 1;
	classes = {
	};
	objectVersion = 50;
	objects = {

/* Begin PBXBuildFile section */
		63D009F9235D6B9300585025 /* AppDelegate.swift in Sources */ = {isa = PBXBuildFile; fileRef = 63D009F8235D6B9300585025 /* AppDelegate.swift */; };
		63D009FB235D6B9300585025 /* SceneDelegate.swift in Sources */ = {isa = PBXBuildFile; fileRef = 63D009FA235D6B9300585025 /* SceneDelegate.swift */; };
		63D009FE235D6B9300585025 /* goingToWork.xcdatamodeld in Sources */ = {isa = PBXBuildFile; fileRef = 63D009FC235D6B9300585025 /* goingToWork.xcdatamodeld */; };
		63D00A00235D6B9300585025 /* ContentView.swift in Sources */ = {isa = PBXBuildFile; fileRef = 63D009FF235D6B9300585025 /* ContentView.swift */; };
		63D00A02235D6B9900585025 /* Assets.xcassets in Resources */ = {isa = PBXBuildFile; fileRef = 63D00A01235D6B9900585025 /* Assets.xcassets */; };
		63D00A05235D6B9900585025 /* Preview Assets.xcassets in Resources */ = {isa = PBXBuildFile; fileRef = 63D00A04235D6B9900585025 /* Preview Assets.xcassets */; };
		63D00A08235D6B9A00585025 /* LaunchScreen.storyboard in Resources */ = {isa = PBXBuildFile; fileRef = 63D00A06235D6B9A00585025 /* LaunchScreen.storyboard */; };
		63D00A13235D6B9B00585025 /* goingToWorkTests.swift in Sources */ = {isa = PBXBuildFile; fileRef = 63D00A12235D6B9B00585025 /* goingToWorkTests.swift */; };
		63D00A1E235D6B9B00585025 /* goingToWorkUITests.swift in Sources */ = {isa = PBXBuildFile; fileRef = 63D00A1D235D6B9B00585025 /* goingToWorkUITests.swift */; };
/* End PBXBuildFile section */

/* Begin PBXContainerItemProxy section */
		63D00A0F235D6B9A00585025 /* PBXContainerItemProxy */ = {
			isa = PBXContainerItemProxy;
			containerPortal = 63D009ED235D6B9300585025 /* Project object */;
			proxyType = 1;
			remoteGlobalIDString = 63D009F4235D6B9300585025;
			remoteInfo = goingToWork;
		};
		63D00A1A235D6B9B00585025 /* PBXContainerItemProxy */ = {
			isa = PBXContainerItemProxy;
			containerPortal = 63D009ED235D6B9300585025 /* Project object */;
			proxyType = 1;
			remoteGlobalIDString = 63D009F4235D6B9300585025;
			remoteInfo = goingToWork;
		};
/* End PBXContainerItemProxy section */

/* Begin PBXFileReference section */
		63D009F5235D6B9300585025 /* goingToWork.app */ = {isa = PBXFileReference; explicitFileType = wrapper.application; includeInIndex = 0; path = goingToWork.app; sourceTree = BUILT_PRODUCTS_DIR; };
		63D009F8235D6B9300585025 /* AppDelegate.swift */ = {isa = PBXFileReference; lastKnownFileType = sourcecode.swift; path = AppDelegate.swift; sourceTree = "<group>"; };
		63D009FA235D6B9300585025 /* SceneDelegate.swift */ = {isa = PBXFileReference; lastKnownFileType = sourcecode.swift; path = SceneDelegate.swift; sourceTree = "<group>"; };
		63D009FD235D6B9300585025 /* goingToWork.xcdatamodel */ = {isa = PBXFileReference; lastKnownFileType = wrapper.xcdatamodel; path = goingToWork.xcdatamodel; sourceTree = "<group>"; };
		63D009FF235D6B9300585025 /* ContentView.swift */ = {isa = PBXFileReference; lastKnownFileType = sourcecode.swift; path = ContentView.swift; sourceTree = "<group>"; };
		63D00A01235D6B9900585025 /* Assets.xcassets */ = {isa = PBXFileReference; lastKnownFileType = folder.assetcatalog; path = Assets.xcassets; sourceTree = "<group>"; };
		63D00A04235D6B9900585025 /* Preview Assets.xcassets */ = {isa = PBXFileReference; lastKnownFileType = folder.assetcatalog; path = "Preview Assets.xcassets"; sourceTree = "<group>"; };
		63D00A07235D6B9A00585025 /* Base */ = {isa = PBXFileReference; lastKnownFileType = file.storyboard; name = Base; path = Base.lproj/LaunchScreen.storyboard; sourceTree = "<group>"; };
		63D00A09235D6B9A00585025 /* Info.plist */ = {isa = PBXFileReference; lastKnownFileType = text.plist.xml; path = Info.plist; sourceTree = "<group>"; };
		63D00A0E235D6B9A00585025 /* goingToWorkTests.xctest */ = {isa = PBXFileReference; explicitFileType = wrapper.cfbundle; includeInIndex = 0; path = goingToWorkTests.xctest; sourceTree = BUILT_PRODUCTS_DIR; };
		63D00A12235D6B9B00585025 /* goingToWorkTests.swift */ = {isa = PBXFileReference; lastKnownFileType = sourcecode.swift; path = goingToWorkTests.swift; sourceTree = "<group>"; };
		63D00A14235D6B9B00585025 /* Info.plist */ = {isa = PBXFileReference; lastKnownFileType = text.plist.xml; path = Info.plist; sourceTree = "<group>"; };
		63D00A19235D6B9B00585025 /* goingToWorkUITests.xctest */ = {isa = PBXFileReference; explicitFileType = wrapper.cfbundle; includeInIndex = 0; path = goingToWorkUITests.xctest; sourceTree = BUILT_PRODUCTS_DIR; };
		63D00A1D235D6B9B00585025 /* goingToWorkUITests.swift */ = {isa = PBXFileReference; lastKnownFileType = sourcecode.swift; path = goingToWorkUITests.swift; sourceTree = "<group>"; };
		63D00A1F235D6B9B00585025 /* Info.plist */ = {isa = PBXFileReference; lastKnownFileType = text.plist.xml; path = Info.plist; sourceTree = "<group>"; };
/* End PBXFileReference section */

/* Begin PBXFrameworksBuildPhase section */
		63D009F2235D6B9300585025 /* Frameworks */ = {
			isa = PBXFrameworksBuildPhase;
			buildActionMask = 2147483647;
			files = (
			);
			runOnlyForDeploymentPostprocessing = 0;
		};
		63D00A0B235D6B9A00585025 /* Frameworks */ = {
			isa = PBXFrameworksBuildPhase;
			buildActionMask = 2147483647;
			files = (
			);
			runOnlyForDeploymentPostprocessing = 0;
		};
		63D00A16235D6B9B00585025 /* Frameworks */ = {
			isa = PBXFrameworksBuildPhase;
			buildActionMask = 2147483647;
			files = (
			);
			runOnlyForDeploymentPostprocessing = 0;
		};
/* End PBXFrameworksBuildPhase section */

/* Begin PBXGroup section */
		63D009EC235D6B9300585025 = {
			isa = PBXGroup;
			children = (
				63D009F7235D6B9300585025 /* goingToWork */,
				63D00A11235D6B9B00585025 /* goingToWorkTests */,
				63D00A1C235D6B9B00585025 /* goingToWorkUITests */,
				63D009F6235D6B9300585025 /* Products */,
			);
			sourceTree = "<group>";
		};
		63D009F6235D6B9300585025 /* Products */ = {
			isa = PBXGroup;
			children = (
				63D009F5235D6B9300585025 /* goingToWork.app */,
				63D00A0E235D6B9A00585025 /* goingToWorkTests.xctest */,
				63D00A19235D6B9B00585025 /* goingToWorkUITests.xctest */,
			);
			name = Products;
			sourceTree = "<group>";
		};
		63D009F7235D6B9300585025 /* goingToWork */ = {
			isa = PBXGroup;
			children = (
				63D009F8235D6B9300585025 /* AppDelegate.swift */,
				63D009FA235D6B9300585025 /* SceneDelegate.swift */,
				63D009FF235D6B9300585025 /* ContentView.swift */,
				63D00A01235D6B9900585025 /* Assets.xcassets */,
				63D00A06235D6B9A00585025 /* LaunchScreen.storyboard */,
				63D00A09235D6B9A00585025 /* Info.plist */,
				63D009FC235D6B9300585025 /* goingToWork.xcdatamodeld */,
				63D00A03235D6B9900585025 /* Preview Content */,
			);
			path = goingToWork;
			sourceTree = "<group>";
		};
		63D00A03235D6B9900585025 /* Preview Content */ = {
			isa = PBXGroup;
			children = (
				63D00A04235D6B9900585025 /* Preview Assets.xcassets */,
			);
			path = "Preview Content";
			sourceTree = "<group>";
		};
		63D00A11235D6B9B00585025 /* goingToWorkTests */ = {
			isa = PBXGroup;
			children = (
				63D00A12235D6B9B00585025 /* goingToWorkTests.swift */,
				63D00A14235D6B9B00585025 /* Info.plist */,
			);
			path = goingToWorkTests;
			sourceTree = "<group>";
		};
		63D00A1C235D6B9B00585025 /* goingToWorkUITests */ = {
			isa = PBXGroup;
			children = (
				63D00A1D235D6B9B00585025 /* goingToWorkUITests.swift */,
				63D00A1F235D6B9B00585025 /* Info.plist */,
			);
			path = goingToWorkUITests;
			sourceTree = "<group>";
		};
/* End PBXGroup section */

/* Begin PBXNativeTarget section */
		63D009F4235D6B9300585025 /* goingToWork */ = {
			isa = PBXNativeTarget;
			buildConfigurationList = 63D00A22235D6B9B00585025 /* Build configuration list for PBXNativeTarget "goingToWork" */;
			buildPhases = (
				63D009F1235D6B9300585025 /* Sources */,
				63D009F2235D6B9300585025 /* Frameworks */,
				63D009F3235D6B9300585025 /* Resources */,
			);
			buildRules = (
			);
			dependencies = (
			);
			name = goingToWork;
			productName = goingToWork;
			productReference = 63D009F5235D6B9300585025 /* goingToWork.app */;
			productType = "com.apple.product-type.application";
		};
		63D00A0D235D6B9A00585025 /* goingToWorkTests */ = {
			isa = PBXNativeTarget;
			buildConfigurationList = 63D00A25235D6B9B00585025 /* Build configuration list for PBXNativeTarget "goingToWorkTests" */;
			buildPhases = (
				63D00A0A235D6B9A00585025 /* Sources */,
				63D00A0B235D6B9A00585025 /* Frameworks */,
				63D00A0C235D6B9A00585025 /* Resources */,
			);
			buildRules = (
			);
			dependencies = (
				63D00A10235D6B9A00585025 /* PBXTargetDependency */,
			);
			name = goingToWorkTests;
			productName = goingToWorkTests;
			productReference = 63D00A0E235D6B9A00585025 /* goingToWorkTests.xctest */;
			productType = "com.apple.product-type.bundle.unit-test";
		};
		63D00A18235D6B9B00585025 /* goingToWorkUITests */ = {
			isa = PBXNativeTarget;
			buildConfigurationList = 63D00A28235D6B9B00585025 /* Build configuration list for PBXNativeTarget "goingToWorkUITests" */;
			buildPhases = (
				63D00A15235D6B9B00585025 /* Sources */,
				63D00A16235D6B9B00585025 /* Frameworks */,
				63D00A17235D6B9B00585025 /* Resources */,
			);
			buildRules = (
			);
			dependencies = (
				63D00A1B235D6B9B00585025 /* PBXTargetDependency */,
			);
			name = goingToWorkUITests;
			productName = goingToWorkUITests;
			productReference = 63D00A19235D6B9B00585025 /* goingToWorkUITests.xctest */;
			productType = "com.apple.product-type.bundle.ui-testing";
		};
/* End PBXNativeTarget section */

/* Begin PBXProject section */
		63D009ED235D6B9300585025 /* Project object */ = {
			isa = PBXProject;
			attributes = {
				LastSwiftUpdateCheck = 1110;
				LastUpgradeCheck = 1110;
				ORGANIZATIONNAME = Gannon;
				TargetAttributes = {
					63D009F4235D6B9300585025 = {
						CreatedOnToolsVersion = 11.1;
					};
					63D00A0D235D6B9A00585025 = {
						CreatedOnToolsVersion = 11.1;
						TestTargetID = 63D009F4235D6B9300585025;
					};
					63D00A18235D6B9B00585025 = {
						CreatedOnToolsVersion = 11.1;
						TestTargetID = 63D009F4235D6B9300585025;
					};
				};
			};
			buildConfigurationList = 63D009F0235D6B9300585025 /* Build configuration list for PBXProject "goingToWork" */;
			compatibilityVersion = "Xcode 9.3";
			developmentRegion = en;
			hasScannedForEncodings = 0;
			knownRegions = (
				en,
				Base,
			);
			mainGroup = 63D009EC235D6B9300585025;
			productRefGroup = 63D009F6235D6B9300585025 /* Products */;
			projectDirPath = "";
			projectRoot = "";
			targets = (
				63D009F4235D6B9300585025 /* goingToWork */,
				63D00A0D235D6B9A00585025 /* goingToWorkTests */,
				63D00A18235D6B9B00585025 /* goingToWorkUITests */,
			);
		};
/* End PBXProject section */

/* Begin PBXResourcesBuildPhase section */
		63D009F3235D6B9300585025 /* Resources */ = {
			isa = PBXResourcesBuildPhase;
			buildActionMask = 2147483647;
			files = (
				63D00A08235D6B9A00585025 /* LaunchScreen.storyboard in Resources */,
				63D00A05235D6B9900585025 /* Preview Assets.xcassets in Resources */,
				63D00A02235D6B9900585025 /* Assets.xcassets in Resources */,
			);
			runOnlyForDeploymentPostprocessing = 0;
		};
		63D00A0C235D6B9A00585025 /* Resources */ = {
			isa = PBXResourcesBuildPhase;
			buildActionMask = 2147483647;
			files = (
			);
			runOnlyForDeploymentPostprocessing = 0;
		};
		63D00A17235D6B9B00585025 /* Resources */ = {
			isa = PBXResourcesBuildPhase;
			buildActionMask = 2147483647;
			files = (
			);
			runOnlyForDeploymentPostprocessing = 0;
		};
/* End PBXResourcesBuildPhase section */

/* Begin PBXSourcesBuildPhase section */
		63D009F1235D6B9300585025 /* Sources */ = {
			isa = PBXSourcesBuildPhase;
			buildActionMask = 2147483647;
			files = (
				63D009F9235D6B9300585025 /* AppDelegate.swift in Sources */,
				63D009FB235D6B9300585025 /* SceneDelegate.swift in Sources */,
				63D00A00235D6B9300585025 /* ContentView.swift in Sources */,
				63D009FE235D6B9300585025 /* goingToWork.xcdatamodeld in Sources */,
			);
			runOnlyForDeploymentPostprocessing = 0;
		};
		63D00A0A235D6B9A00585025 /* Sources */ = {
			isa = PBXSourcesBuildPhase;
			buildActionMask = 2147483647;
			files = (
				63D00A13235D6B9B00585025 /* goingToWorkTests.swift in Sources */,
			);
			runOnlyForDeploymentPostprocessing = 0;
		};
		63D00A15235D6B9B00585025 /* Sources */ = {
			isa = PBXSourcesBuildPhase;
			buildActionMask = 2147483647;
			files = (
				63D00A1E235D6B9B00585025 /* goingToWorkUITests.swift in Sources */,
			);
			runOnlyForDeploymentPostprocessing = 0;
		};
/* End PBXSourcesBuildPhase section */

/* Begin PBXTargetDependency section */
		63D00A10235D6B9A00585025 /* PBXTargetDependency */ = {
			isa = PBXTargetDependency;
			target = 63D009F4235D6B9300585025 /* goingToWork */;
			targetProxy = 63D00A0F235D6B9A00585025 /* PBXContainerItemProxy */;
		};
		63D00A1B235D6B9B00585025 /* PBXTargetDependency */ = {
			isa = PBXTargetDependency;
			target = 63D009F4235D6B9300585025 /* goingToWork */;
			targetProxy = 63D00A1A235D6B9B00585025 /* PBXContainerItemProxy */;
		};
/* End PBXTargetDependency section */

/* Begin PBXVariantGroup section */
		63D00A06235D6B9A00585025 /* LaunchScreen.storyboard */ = {
			isa = PBXVariantGroup;
			children = (
				63D00A07235D6B9A00585025 /* Base */,
			);
			name = LaunchScreen.storyboard;
			sourceTree = "<group>";
		};
/* End PBXVariantGroup section */

/* Begin XCBuildConfiguration section */
		63D00A20235D6B9B00585025 /* Debug */ = {
			isa = XCBuildConfiguration;
			buildSettings = {
				ALWAYS_SEARCH_USER_PATHS = NO;
				CLANG_ANALYZER_NONNULL = YES;
				CLANG_ANALYZER_NUMBER_OBJECT_CONVERSION = YES_AGGRESSIVE;
				CLANG_CXX_LANGUAGE_STANDARD = "gnu++14";
				CLANG_CXX_LIBRARY = "libc++";
				CLANG_ENABLE_MODULES = YES;
				CLANG_ENABLE_OBJC_ARC = YES;
				CLANG_ENABLE_OBJC_WEAK = YES;
				CLANG_WARN_BLOCK_CAPTURE_AUTORELEASING = YES;
				CLANG_WARN_BOOL_CONVERSION = YES;
				CLANG_WARN_COMMA = YES;
				CLANG_WARN_CONSTANT_CONVERSION = YES;
				CLANG_WARN_DEPRECATED_OBJC_IMPLEMENTATIONS = YES;
				CLANG_WARN_DIRECT_OBJC_ISA_USAGE = YES_ERROR;
				CLANG_WARN_DOCUMENTATION_COMMENTS = YES;
				CLANG_WARN_EMPTY_BODY = YES;
				CLANG_WARN_ENUM_CONVERSION = YES;
				CLANG_WARN_INFINITE_RECURSION = YES;
				CLANG_WARN_INT_CONVERSION = YES;
				CLANG_WARN_NON_LITERAL_NULL_CONVERSION = YES;
				CLANG_WARN_OBJC_IMPLICIT_RETAIN_SELF = YES;
				CLANG_WARN_OBJC_LITERAL_CONVERSION = YES;
				CLANG_WARN_OBJC_ROOT_CLASS = YES_ERROR;
				CLANG_WARN_RANGE_LOOP_ANALYSIS = YES;
				CLANG_WARN_STRICT_PROTOTYPES = YES;
				CLANG_WARN_SUSPICIOUS_MOVE = YES;
				CLANG_WARN_UNGUARDED_AVAILABILITY = YES_AGGRESSIVE;
				CLANG_WARN_UNREACHABLE_CODE = YES;
				CLANG_WARN__DUPLICATE_METHOD_MATCH = YES;
				COPY_PHASE_STRIP = NO;
				DEBUG_INFORMATION_FORMAT = dwarf;
				ENABLE_STRICT_OBJC_MSGSEND = YES;
				ENABLE_TESTABILITY = YES;
				GCC_C_LANGUAGE_STANDARD = gnu11;
				GCC_DYNAMIC_NO_PIC = NO;
				GCC_NO_COMMON_BLOCKS = YES;
				GCC_OPTIMIZATION_LEVEL = 0;
				GCC_PREPROCESSOR_DEFINITIONS = (
					"DEBUG=1",
					"$(inherited)",
				);
				GCC_WARN_64_TO_32_BIT_CONVERSION = YES;
				GCC_WARN_ABOUT_RETURN_TYPE = YES_ERROR;
				GCC_WARN_UNDECLARED_SELECTOR = YES;
				GCC_WARN_UNINITIALIZED_AUTOS = YES_AGGRESSIVE;
				GCC_WARN_UNUSED_FUNCTION = YES;
				GCC_WARN_UNUSED_VARIABLE = YES;
				IPHONEOS_DEPLOYMENT_TARGET = 13.1;
				MTL_ENABLE_DEBUG_INFO = INCLUDE_SOURCE;
				MTL_FAST_MATH = YES;
				ONLY_ACTIVE_ARCH = YES;
				SDKROOT = iphoneos;
				SWIFT_ACTIVE_COMPILATION_CONDITIONS = DEBUG;
				SWIFT_OPTIMIZATION_LEVEL = "-Onone";
			};
			name = Debug;
		};
		63D00A21235D6B9B00585025 /* Release */ = {
			isa = XCBuildConfiguration;
			buildSettings = {
				ALWAYS_SEARCH_USER_PATHS = NO;
				CLANG_ANALYZER_NONNULL = YES;
				CLANG_ANALYZER_NUMBER_OBJECT_CONVERSION = YES_AGGRESSIVE;
				CLANG_CXX_LANGUAGE_STANDARD = "gnu++14";
				CLANG_CXX_LIBRARY = "libc++";
				CLANG_ENABLE_MODULES = YES;
				CLANG_ENABLE_OBJC_ARC = YES;
				CLANG_ENABLE_OBJC_WEAK = YES;
				CLANG_WARN_BLOCK_CAPTURE_AUTORELEASING = YES;
				CLANG_WARN_BOOL_CONVERSION = YES;
				CLANG_WARN_COMMA = YES;
				CLANG_WARN_CONSTANT_CONVERSION = YES;
				CLANG_WARN_DEPRECATED_OBJC_IMPLEMENTATIONS = YES;
				CLANG_WARN_DIRECT_OBJC_ISA_USAGE = YES_ERROR;
				CLANG_WARN_DOCUMENTATION_COMMENTS = YES;
				CLANG_WARN_EMPTY_BODY = YES;
				CLANG_WARN_ENUM_CONVERSION = YES;
				CLANG_WARN_INFINITE_RECURSION = YES;
				CLANG_WARN_INT_CONVERSION = YES;
				CLANG_WARN_NON_LITERAL_NULL_CONVERSION = YES;
				CLANG_WARN_OBJC_IMPLICIT_RETAIN_SELF = YES;
				CLANG_WARN_OBJC_LITERAL_CONVERSION = YES;
				CLANG_WARN_OBJC_ROOT_CLASS = YES_ERROR;
				CLANG_WARN_RANGE_LOOP_ANALYSIS = YES;
				CLANG_WARN_STRICT_PROTOTYPES = YES;
				CLANG_WARN_SUSPICIOUS_MOVE = YES;
				CLANG_WARN_UNGUARDED_AVAILABILITY = YES_AGGRESSIVE;
				CLANG_WARN_UNREACHABLE_CODE = YES;
				CLANG_WARN__DUPLICATE_METHOD_MATCH = YES;
				COPY_PHASE_STRIP = NO;
				DEBUG_INFORMATION_FORMAT = "dwarf-with-dsym";
				ENABLE_NS_ASSERTIONS = NO;
				ENABLE_STRICT_OBJC_MSGSEND = YES;
				GCC_C_LANGUAGE_STANDARD = gnu11;
				GCC_NO_COMMON_BLOCKS = YES;
				GCC_WARN_64_TO_32_BIT_CONVERSION = YES;
				GCC_WARN_ABOUT_RETURN_TYPE = YES_ERROR;
				GCC_WARN_UNDECLARED_SELECTOR = YES;
				GCC_WARN_UNINITIALIZED_AUTOS = YES_AGGRESSIVE;
				GCC_WARN_UNUSED_FUNCTION = YES;
				GCC_WARN_UNUSED_VARIABLE = YES;
				IPHONEOS_DEPLOYMENT_TARGET = 13.1;
				MTL_ENABLE_DEBUG_INFO = NO;
				MTL_FAST_MATH = YES;
				SDKROOT = iphoneos;
				SWIFT_COMPILATION_MODE = wholemodule;
				SWIFT_OPTIMIZATION_LEVEL = "-O";
				VALIDATE_PRODUCT = YES;
			};
			name = Release;
		};
		63D00A23235D6B9B00585025 /* Debug */ = {
			isa = XCBuildConfiguration;
			buildSettings = {
				ASSETCATALOG_COMPILER_APPICON_NAME = AppIcon;
				CODE_SIGN_STYLE = Automatic;
				DEVELOPMENT_ASSET_PATHS = "\"goingToWork/Preview Content\"";
				DEVELOPMENT_TEAM = 3QLDJMV73J;
				ENABLE_PREVIEWS = YES;
				INFOPLIST_FILE = goingToWork/Info.plist;
				LD_RUNPATH_SEARCH_PATHS = (
					"$(inherited)",
					"@executable_path/Frameworks",
				);
				PRODUCT_BUNDLE_IDENTIFIER = gannon.edu.goingToWork;
				PRODUCT_NAME = "$(TARGET_NAME)";
				SWIFT_VERSION = 5.0;
				TARGETED_DEVICE_FAMILY = "1,2";
			};
			name = Debug;
		};
		63D00A24235D6B9B00585025 /* Release */ = {
			isa = XCBuildConfiguration;
			buildSettings = {
				ASSETCATALOG_COMPILER_APPICON_NAME = AppIcon;
				CODE_SIGN_STYLE = Automatic;
				DEVELOPMENT_ASSET_PATHS = "\"goingToWork/Preview Content\"";
				DEVELOPMENT_TEAM = 3QLDJMV73J;
				ENABLE_PREVIEWS = YES;
				INFOPLIST_FILE = goingToWork/Info.plist;
				LD_RUNPATH_SEARCH_PATHS = (
					"$(inherited)",
					"@executable_path/Frameworks",
				);
				PRODUCT_BUNDLE_IDENTIFIER = gannon.edu.goingToWork;
				PRODUCT_NAME = "$(TARGET_NAME)";
				SWIFT_VERSION = 5.0;
				TARGETED_DEVICE_FAMILY = "1,2";
			};
			name = Release;
		};
		63D00A26235D6B9B00585025 /* Debug */ = {
			isa = XCBuildConfiguration;
			buildSettings = {
				ALWAYS_EMBED_SWIFT_STANDARD_LIBRARIES = YES;
				BUNDLE_LOADER = "$(TEST_HOST)";
				CODE_SIGN_STYLE = Automatic;
				DEVELOPMENT_TEAM = 3QLDJMV73J;
				INFOPLIST_FILE = goingToWorkTests/Info.plist;
				IPHONEOS_DEPLOYMENT_TARGET = 13.1;
				LD_RUNPATH_SEARCH_PATHS = (
					"$(inherited)",
					"@executable_path/Frameworks",
					"@loader_path/Frameworks",
				);
				PRODUCT_BUNDLE_IDENTIFIER = gannon.edu.goingToWorkTests;
				PRODUCT_NAME = "$(TARGET_NAME)";
				SWIFT_VERSION = 5.0;
				TARGETED_DEVICE_FAMILY = "1,2";
				TEST_HOST = "$(BUILT_PRODUCTS_DIR)/goingToWork.app/goingToWork";
			};
			name = Debug;
		};
		63D00A27235D6B9B00585025 /* Release */ = {
			isa = XCBuildConfiguration;
			buildSettings = {
				ALWAYS_EMBED_SWIFT_STANDARD_LIBRARIES = YES;
				BUNDLE_LOADER = "$(TEST_HOST)";
				CODE_SIGN_STYLE = Automatic;
				DEVELOPMENT_TEAM = 3QLDJMV73J;
				INFOPLIST_FILE = goingToWorkTests/Info.plist;
				IPHONEOS_DEPLOYMENT_TARGET = 13.1;
				LD_RUNPATH_SEARCH_PATHS = (
					"$(inherited)",
					"@executable_path/Frameworks",
					"@loader_path/Frameworks",
				);
				PRODUCT_BUNDLE_IDENTIFIER = gannon.edu.goingToWorkTests;
				PRODUCT_NAME = "$(TARGET_NAME)";
				SWIFT_VERSION = 5.0;
				TARGETED_DEVICE_FAMILY = "1,2";
				TEST_HOST = "$(BUILT_PRODUCTS_DIR)/goingToWork.app/goingToWork";
			};
			name = Release;
		};
		63D00A29235D6B9B00585025 /* Debug */ = {
			isa = XCBuildConfiguration;
			buildSettings = {
				ALWAYS_EMBED_SWIFT_STANDARD_LIBRARIES = YES;
				CODE_SIGN_STYLE = Automatic;
				DEVELOPMENT_TEAM = 3QLDJMV73J;
				INFOPLIST_FILE = goingToWorkUITests/Info.plist;
				LD_RUNPATH_SEARCH_PATHS = (
					"$(inherited)",
					"@executable_path/Frameworks",
					"@loader_path/Frameworks",
				);
				PRODUCT_BUNDLE_IDENTIFIER = gannon.edu.goingToWorkUITests;
				PRODUCT_NAME = "$(TARGET_NAME)";
				SWIFT_VERSION = 5.0;
				TARGETED_DEVICE_FAMILY = "1,2";
				TEST_TARGET_NAME = goingToWork;
			};
			name = Debug;
		};
		63D00A2A235D6B9B00585025 /* Release */ = {
			isa = XCBuildConfiguration;
			buildSettings = {
				ALWAYS_EMBED_SWIFT_STANDARD_LIBRARIES = YES;
				CODE_SIGN_STYLE = Automatic;
				DEVELOPMENT_TEAM = 3QLDJMV73J;
				INFOPLIST_FILE = goingToWorkUITests/Info.plist;
				LD_RUNPATH_SEARCH_PATHS = (
					"$(inherited)",
					"@executable_path/Frameworks",
					"@loader_path/Frameworks",
				);
				PRODUCT_BUNDLE_IDENTIFIER = gannon.edu.goingToWorkUITests;
				PRODUCT_NAME = "$(TARGET_NAME)";
				SWIFT_VERSION = 5.0;
				TARGETED_DEVICE_FAMILY = "1,2";
				TEST_TARGET_NAME = goingToWork;
			};
			name = Release;
		};
/* End XCBuildConfiguration section */

/* Begin XCConfigurationList section */
		63D009F0235D6B9300585025 /* Build configuration list for PBXProject "goingToWork" */ = {
			isa = XCConfigurationList;
			buildConfigurations = (
				63D00A20235D6B9B00585025 /* Debug */,
				63D00A21235D6B9B00585025 /* Release */,
			);
			defaultConfigurationIsVisible = 0;
			defaultConfigurationName = Release;
		};
		63D00A22235D6B9B00585025 /* Build configuration list for PBXNativeTarget "goingToWork" */ = {
			isa = XCConfigurationList;
			buildConfigurations = (
				63D00A23235D6B9B00585025 /* Debug */,
				63D00A24235D6B9B00585025 /* Release */,
			);
			defaultConfigurationIsVisible = 0;
			defaultConfigurationName = Release;
		};
		63D00A25235D6B9B00585025 /* Build configuration list for PBXNativeTarget "goingToWorkTests" */ = {
			isa = XCConfigurationList;
			buildConfigurations = (
				63D00A26235D6B9B00585025 /* Debug */,
				63D00A27235D6B9B00585025 /* Release */,
			);
			defaultConfigurationIsVisible = 0;
			defaultConfigurationName = Release;
		};
		63D00A28235D6B9B00585025 /* Build configuration list for PBXNativeTarget "goingToWorkUITests" */ = {
			isa = XCConfigurationList;
			buildConfigurations = (
				63D00A29235D6B9B00585025 /* Debug */,
				63D00A2A235D6B9B00585025 /* Release */,
			);
			defaultConfigurationIsVisible = 0;
			defaultConfigurationName = Release;
		};
/* End XCConfigurationList section */

/* Begin XCVersionGroup section */
		63D009FC235D6B9300585025 /* goingToWork.xcdatamodeld */ = {
			isa = XCVersionGroup;
			children = (
				63D009FD235D6B9300585025 /* goingToWork.xcdatamodel */,
			);
			currentVersion = 63D009FD235D6B9300585025 /* goingToWork.xcdatamodel */;
			path = goingToWork.xcdatamodeld;
			sourceTree = "<group>";
			versionGroupType = wrapper.xcdatamodel;
		};
/* End XCVersionGroup section */
	};
	rootObject = 63D009ED235D6B9300585025 /* Project object */;
}
