// !$*UTF8*$!
{
	archiveVersion = 1;
	classes = {
	};
	objectVersion = 50;
	objects = {

/* Begin PBXBuildFile section */
		16CB46A7236783F2007A87C6 /* PlayerCharDetail.swift in Sources */ = {isa = PBXBuildFile; fileRef = 16CB46A5236783F2007A87C6 /* PlayerCharDetail.swift */; };
		16CB46A8236783F2007A87C6 /* PlayerCharDetail.storyboard in Resources */ = {isa = PBXBuildFile; fileRef = 16CB46A6236783F2007A87C6 /* PlayerCharDetail.storyboard */; };
		50F591272368F1EE00DCFC63 /* GameBoard.storyboard in Resources */ = {isa = PBXBuildFile; fileRef = 50F591262368F1EE00DCFC63 /* GameBoard.storyboard */; };
		675431D2236643D70004EF25 /* 9A1E4006134A4F7E8031723821238143.png in Resources */ = {isa = PBXBuildFile; fileRef = 675431D1236643D60004EF25 /* 9A1E4006134A4F7E8031723821238143.png */; };
		ABCCC8D723662FFC002463E3 /* Board.swift in Sources */ = {isa = PBXBuildFile; fileRef = ABCCC8D623662FFC002463E3 /* Board.swift */; };
		ABCCC8D923663012002463E3 /* Player.swift in Sources */ = {isa = PBXBuildFile; fileRef = ABCCC8D823663012002463E3 /* Player.swift */; };
		ABCCC8DB23663025002463E3 /* Game.swift in Sources */ = {isa = PBXBuildFile; fileRef = ABCCC8DA23663025002463E3 /* Game.swift */; };
		B899219B235E468C00EDB8AF /* AppDelegate.swift in Sources */ = {isa = PBXBuildFile; fileRef = B899219A235E468C00EDB8AF /* AppDelegate.swift */; };
		B899219D235E468C00EDB8AF /* ViewController.swift in Sources */ = {isa = PBXBuildFile; fileRef = B899219C235E468C00EDB8AF /* ViewController.swift */; };
		B89921A0235E468C00EDB8AF /* Main.storyboard in Resources */ = {isa = PBXBuildFile; fileRef = B899219E235E468C00EDB8AF /* Main.storyboard */; };
		B89921A3235E468C00EDB8AF /* goingToWork.xcdatamodeld in Sources */ = {isa = PBXBuildFile; fileRef = B89921A1235E468C00EDB8AF /* goingToWork.xcdatamodeld */; };
		B89921A5235E468D00EDB8AF /* Assets.xcassets in Resources */ = {isa = PBXBuildFile; fileRef = B89921A4235E468D00EDB8AF /* Assets.xcassets */; };
		B89921A8235E468D00EDB8AF /* LaunchScreen.storyboard in Resources */ = {isa = PBXBuildFile; fileRef = B89921A6235E468D00EDB8AF /* LaunchScreen.storyboard */; };
		B89921B3235E468D00EDB8AF /* goingToWorkTests.swift in Sources */ = {isa = PBXBuildFile; fileRef = B89921B2235E468D00EDB8AF /* goingToWorkTests.swift */; };
		B89921BE235E468D00EDB8AF /* goingToWorkUITests.swift in Sources */ = {isa = PBXBuildFile; fileRef = B89921BD235E468D00EDB8AF /* goingToWorkUITests.swift */; };
		E961BDF02370C251006D383E /* GameInstructions.storyboard in Resources */ = {isa = PBXBuildFile; fileRef = E961BDEF2370C251006D383E /* GameInstructions.storyboard */; };
		E961BE2F2370D146006D383E /* GameInstructionsVC.swift in Sources */ = {isa = PBXBuildFile; fileRef = E961BE2E2370D146006D383E /* GameInstructionsVC.swift */; };
/* End PBXBuildFile section */

/* Begin PBXContainerItemProxy section */
		B89921AF235E468D00EDB8AF /* PBXContainerItemProxy */ = {
			isa = PBXContainerItemProxy;
			containerPortal = B899218F235E468C00EDB8AF /* Project object */;
			proxyType = 1;
			remoteGlobalIDString = B8992196235E468C00EDB8AF;
			remoteInfo = goingToWork;
		};
		B89921BA235E468D00EDB8AF /* PBXContainerItemProxy */ = {
			isa = PBXContainerItemProxy;
			containerPortal = B899218F235E468C00EDB8AF /* Project object */;
			proxyType = 1;
			remoteGlobalIDString = B8992196235E468C00EDB8AF;
			remoteInfo = goingToWork;
		};
/* End PBXContainerItemProxy section */

/* Begin PBXFileReference section */
		16CB46A5236783F2007A87C6 /* PlayerCharDetail.swift */ = {isa = PBXFileReference; fileEncoding = 4; lastKnownFileType = sourcecode.swift; path = PlayerCharDetail.swift; sourceTree = "<group>"; };
		16CB46A6236783F2007A87C6 /* PlayerCharDetail.storyboard */ = {isa = PBXFileReference; fileEncoding = 4; lastKnownFileType = file.storyboard; path = PlayerCharDetail.storyboard; sourceTree = "<group>"; };
		50F591262368F1EE00DCFC63 /* GameBoard.storyboard */ = {isa = PBXFileReference; lastKnownFileType = file.storyboard; path = GameBoard.storyboard; sourceTree = "<group>"; };
		675431D1236643D60004EF25 /* 9A1E4006134A4F7E8031723821238143.png */ = {isa = PBXFileReference; lastKnownFileType = image.png; path = 9A1E4006134A4F7E8031723821238143.png; sourceTree = "<group>"; };
		ABCCC8D623662FFC002463E3 /* Board.swift */ = {isa = PBXFileReference; lastKnownFileType = sourcecode.swift; path = Board.swift; sourceTree = "<group>"; };
		ABCCC8D823663012002463E3 /* Player.swift */ = {isa = PBXFileReference; lastKnownFileType = sourcecode.swift; path = Player.swift; sourceTree = "<group>"; };
		ABCCC8DA23663025002463E3 /* Game.swift */ = {isa = PBXFileReference; lastKnownFileType = sourcecode.swift; path = Game.swift; sourceTree = "<group>"; };
		B8992197235E468C00EDB8AF /* goingToWork.app */ = {isa = PBXFileReference; explicitFileType = wrapper.application; includeInIndex = 0; path = goingToWork.app; sourceTree = BUILT_PRODUCTS_DIR; };
		B899219A235E468C00EDB8AF /* AppDelegate.swift */ = {isa = PBXFileReference; lastKnownFileType = sourcecode.swift; path = AppDelegate.swift; sourceTree = "<group>"; };
		B899219C235E468C00EDB8AF /* ViewController.swift */ = {isa = PBXFileReference; lastKnownFileType = sourcecode.swift; path = ViewController.swift; sourceTree = "<group>"; };
		B899219F235E468C00EDB8AF /* Base */ = {isa = PBXFileReference; lastKnownFileType = file.storyboard; name = Base; path = Base.lproj/Main.storyboard; sourceTree = "<group>"; };
		B89921A2235E468C00EDB8AF /* goingToWork.xcdatamodel */ = {isa = PBXFileReference; lastKnownFileType = wrapper.xcdatamodel; path = goingToWork.xcdatamodel; sourceTree = "<group>"; };
		B89921A4235E468D00EDB8AF /* Assets.xcassets */ = {isa = PBXFileReference; lastKnownFileType = folder.assetcatalog; path = Assets.xcassets; sourceTree = "<group>"; };
		B89921A7235E468D00EDB8AF /* Base */ = {isa = PBXFileReference; lastKnownFileType = file.storyboard; name = Base; path = Base.lproj/LaunchScreen.storyboard; sourceTree = "<group>"; };
		B89921A9235E468D00EDB8AF /* Info.plist */ = {isa = PBXFileReference; lastKnownFileType = text.plist.xml; path = Info.plist; sourceTree = "<group>"; };
		B89921AE235E468D00EDB8AF /* goingToWorkTests.xctest */ = {isa = PBXFileReference; explicitFileType = wrapper.cfbundle; includeInIndex = 0; path = goingToWorkTests.xctest; sourceTree = BUILT_PRODUCTS_DIR; };
		B89921B2235E468D00EDB8AF /* goingToWorkTests.swift */ = {isa = PBXFileReference; lastKnownFileType = sourcecode.swift; path = goingToWorkTests.swift; sourceTree = "<group>"; };
		B89921B4235E468D00EDB8AF /* Info.plist */ = {isa = PBXFileReference; lastKnownFileType = text.plist.xml; path = Info.plist; sourceTree = "<group>"; };
		B89921B9235E468D00EDB8AF /* goingToWorkUITests.xctest */ = {isa = PBXFileReference; explicitFileType = wrapper.cfbundle; includeInIndex = 0; path = goingToWorkUITests.xctest; sourceTree = BUILT_PRODUCTS_DIR; };
		B89921BD235E468D00EDB8AF /* goingToWorkUITests.swift */ = {isa = PBXFileReference; lastKnownFileType = sourcecode.swift; path = goingToWorkUITests.swift; sourceTree = "<group>"; };
		B89921BF235E468D00EDB8AF /* Info.plist */ = {isa = PBXFileReference; lastKnownFileType = text.plist.xml; path = Info.plist; sourceTree = "<group>"; };
		E961BDEF2370C251006D383E /* GameInstructions.storyboard */ = {isa = PBXFileReference; lastKnownFileType = file.storyboard; path = GameInstructions.storyboard; sourceTree = "<group>"; };
		E961BE2E2370D146006D383E /* GameInstructionsVC.swift */ = {isa = PBXFileReference; lastKnownFileType = sourcecode.swift; path = GameInstructionsVC.swift; sourceTree = "<group>"; };
/* End PBXFileReference section */

/* Begin PBXFrameworksBuildPhase section */
		B8992194235E468C00EDB8AF /* Frameworks */ = {
			isa = PBXFrameworksBuildPhase;
			buildActionMask = 2147483647;
			files = (
			);
			runOnlyForDeploymentPostprocessing = 0;
		};
		B89921AB235E468D00EDB8AF /* Frameworks */ = {
			isa = PBXFrameworksBuildPhase;
			buildActionMask = 2147483647;
			files = (
			);
			runOnlyForDeploymentPostprocessing = 0;
		};
		B89921B6235E468D00EDB8AF /* Frameworks */ = {
			isa = PBXFrameworksBuildPhase;
			buildActionMask = 2147483647;
			files = (
			);
			runOnlyForDeploymentPostprocessing = 0;
		};
/* End PBXFrameworksBuildPhase section */

/* Begin PBXGroup section */
		50F591252368F15B00DCFC63 /* Storyboards */ = {
			isa = PBXGroup;
			children = (
				B89921A6235E468D00EDB8AF /* LaunchScreen.storyboard */,
				B899219E235E468C00EDB8AF /* Main.storyboard */,
				50F591262368F1EE00DCFC63 /* GameBoard.storyboard */,
			);
			path = Storyboards;
			sourceTree = "<group>";
		};
		B899218E235E468C00EDB8AF = {
			isa = PBXGroup;
			children = (
				B8992199235E468C00EDB8AF /* goingToWork */,
				B89921B1235E468D00EDB8AF /* goingToWorkTests */,
				B89921BC235E468D00EDB8AF /* goingToWorkUITests */,
				B8992198235E468C00EDB8AF /* Products */,
			);
			sourceTree = "<group>";
		};
		B8992198235E468C00EDB8AF /* Products */ = {
			isa = PBXGroup;
			children = (
				B8992197235E468C00EDB8AF /* goingToWork.app */,
				B89921AE235E468D00EDB8AF /* goingToWorkTests.xctest */,
				B89921B9235E468D00EDB8AF /* goingToWorkUITests.xctest */,
			);
			name = Products;
			sourceTree = "<group>";
		};
		B8992199235E468C00EDB8AF /* goingToWork */ = {
			isa = PBXGroup;
			children = (
				50F591252368F15B00DCFC63 /* Storyboards */,
				B899219A235E468C00EDB8AF /* AppDelegate.swift */,
				16CB46A6236783F2007A87C6 /* PlayerCharDetail.storyboard */,
				16CB46A5236783F2007A87C6 /* PlayerCharDetail.swift */,
				B899219C235E468C00EDB8AF /* ViewController.swift */,
				ABCCC8D623662FFC002463E3 /* Board.swift */,
				ABCCC8D823663012002463E3 /* Player.swift */,
				ABCCC8DA23663025002463E3 /* Game.swift */,
				B89921A4235E468D00EDB8AF /* Assets.xcassets */,
				B89921A9235E468D00EDB8AF /* Info.plist */,
				675431D1236643D60004EF25 /* 9A1E4006134A4F7E8031723821238143.png */,
				B89921A1235E468C00EDB8AF /* goingToWork.xcdatamodeld */,
				E961BDEF2370C251006D383E /* GameInstructions.storyboard */,
				E961BE2E2370D146006D383E /* GameInstructionsVC.swift */,
			);
			path = goingToWork;
			sourceTree = "<group>";
		};
		B89921B1235E468D00EDB8AF /* goingToWorkTests */ = {
			isa = PBXGroup;
			children = (
				B89921B2235E468D00EDB8AF /* goingToWorkTests.swift */,
				B89921B4235E468D00EDB8AF /* Info.plist */,
			);
			path = goingToWorkTests;
			sourceTree = "<group>";
		};
		B89921BC235E468D00EDB8AF /* goingToWorkUITests */ = {
			isa = PBXGroup;
			children = (
				B89921BD235E468D00EDB8AF /* goingToWorkUITests.swift */,
				B89921BF235E468D00EDB8AF /* Info.plist */,
			);
			path = goingToWorkUITests;
			sourceTree = "<group>";
		};
/* End PBXGroup section */

/* Begin PBXNativeTarget section */
		B8992196235E468C00EDB8AF /* goingToWork */ = {
			isa = PBXNativeTarget;
			buildConfigurationList = B89921C2235E468D00EDB8AF /* Build configuration list for PBXNativeTarget "goingToWork" */;
			buildPhases = (
				B8992193235E468C00EDB8AF /* Sources */,
				B8992194235E468C00EDB8AF /* Frameworks */,
				B8992195235E468C00EDB8AF /* Resources */,
			);
			buildRules = (
			);
			dependencies = (
			);
			name = goingToWork;
			productName = goingToWork;
			productReference = B8992197235E468C00EDB8AF /* goingToWork.app */;
			productType = "com.apple.product-type.application";
		};
		B89921AD235E468D00EDB8AF /* goingToWorkTests */ = {
			isa = PBXNativeTarget;
			buildConfigurationList = B89921C5235E468D00EDB8AF /* Build configuration list for PBXNativeTarget "goingToWorkTests" */;
			buildPhases = (
				B89921AA235E468D00EDB8AF /* Sources */,
				B89921AB235E468D00EDB8AF /* Frameworks */,
				B89921AC235E468D00EDB8AF /* Resources */,
			);
			buildRules = (
			);
			dependencies = (
				B89921B0235E468D00EDB8AF /* PBXTargetDependency */,
			);
			name = goingToWorkTests;
			productName = goingToWorkTests;
			productReference = B89921AE235E468D00EDB8AF /* goingToWorkTests.xctest */;
			productType = "com.apple.product-type.bundle.unit-test";
		};
		B89921B8235E468D00EDB8AF /* goingToWorkUITests */ = {
			isa = PBXNativeTarget;
			buildConfigurationList = B89921C8235E468D00EDB8AF /* Build configuration list for PBXNativeTarget "goingToWorkUITests" */;
			buildPhases = (
				B89921B5235E468D00EDB8AF /* Sources */,
				B89921B6235E468D00EDB8AF /* Frameworks */,
				B89921B7235E468D00EDB8AF /* Resources */,
			);
			buildRules = (
			);
			dependencies = (
				B89921BB235E468D00EDB8AF /* PBXTargetDependency */,
			);
			name = goingToWorkUITests;
			productName = goingToWorkUITests;
			productReference = B89921B9235E468D00EDB8AF /* goingToWorkUITests.xctest */;
			productType = "com.apple.product-type.bundle.ui-testing";
		};
/* End PBXNativeTarget section */

/* Begin PBXProject section */
		B899218F235E468C00EDB8AF /* Project object */ = {
			isa = PBXProject;
			attributes = {
				LastSwiftUpdateCheck = 1030;
				LastUpgradeCheck = 1030;
				ORGANIZATIONNAME = "Gannon University";
				TargetAttributes = {
					B8992196235E468C00EDB8AF = {
						CreatedOnToolsVersion = 10.3;
					};
					B89921AD235E468D00EDB8AF = {
						CreatedOnToolsVersion = 10.3;
						TestTargetID = B8992196235E468C00EDB8AF;
					};
					B89921B8235E468D00EDB8AF = {
						CreatedOnToolsVersion = 10.3;
						TestTargetID = B8992196235E468C00EDB8AF;
					};
				};
			};
			buildConfigurationList = B8992192235E468C00EDB8AF /* Build configuration list for PBXProject "goingToWork" */;
			compatibilityVersion = "Xcode 9.3";
			developmentRegion = en;
			hasScannedForEncodings = 0;
			knownRegions = (
				en,
				Base,
			);
			mainGroup = B899218E235E468C00EDB8AF;
			productRefGroup = B8992198235E468C00EDB8AF /* Products */;
			projectDirPath = "";
			projectRoot = "";
			targets = (
				B8992196235E468C00EDB8AF /* goingToWork */,
				B89921AD235E468D00EDB8AF /* goingToWorkTests */,
				B89921B8235E468D00EDB8AF /* goingToWorkUITests */,
			);
		};
/* End PBXProject section */

/* Begin PBXResourcesBuildPhase section */
		B8992195235E468C00EDB8AF /* Resources */ = {
			isa = PBXResourcesBuildPhase;
			buildActionMask = 2147483647;
			files = (
				675431D2236643D70004EF25 /* 9A1E4006134A4F7E8031723821238143.png in Resources */,
				50F591272368F1EE00DCFC63 /* GameBoard.storyboard in Resources */,
				16CB46A8236783F2007A87C6 /* PlayerCharDetail.storyboard in Resources */,
				B89921A8235E468D00EDB8AF /* LaunchScreen.storyboard in Resources */,
				B89921A5235E468D00EDB8AF /* Assets.xcassets in Resources */,
				E961BDF02370C251006D383E /* GameInstructions.storyboard in Resources */,
				B89921A0235E468C00EDB8AF /* Main.storyboard in Resources */,
			);
			runOnlyForDeploymentPostprocessing = 0;
		};
		B89921AC235E468D00EDB8AF /* Resources */ = {
			isa = PBXResourcesBuildPhase;
			buildActionMask = 2147483647;
			files = (
			);
			runOnlyForDeploymentPostprocessing = 0;
		};
		B89921B7235E468D00EDB8AF /* Resources */ = {
			isa = PBXResourcesBuildPhase;
			buildActionMask = 2147483647;
			files = (
			);
			runOnlyForDeploymentPostprocessing = 0;
		};
/* End PBXResourcesBuildPhase section */

/* Begin PBXSourcesBuildPhase section */
		B8992193235E468C00EDB8AF /* Sources */ = {
			isa = PBXSourcesBuildPhase;
			buildActionMask = 2147483647;
			files = (
				B899219D235E468C00EDB8AF /* ViewController.swift in Sources */,
				ABCCC8DB23663025002463E3 /* Game.swift in Sources */,
				B899219B235E468C00EDB8AF /* AppDelegate.swift in Sources */,
				ABCCC8D723662FFC002463E3 /* Board.swift in Sources */,
				ABCCC8D923663012002463E3 /* Player.swift in Sources */,
				E961BE2F2370D146006D383E /* GameInstructionsVC.swift in Sources */,
				B89921A3235E468C00EDB8AF /* goingToWork.xcdatamodeld in Sources */,
				16CB46A7236783F2007A87C6 /* PlayerCharDetail.swift in Sources */,
			);
			runOnlyForDeploymentPostprocessing = 0;
		};
		B89921AA235E468D00EDB8AF /* Sources */ = {
			isa = PBXSourcesBuildPhase;
			buildActionMask = 2147483647;
			files = (
				B89921B3235E468D00EDB8AF /* goingToWorkTests.swift in Sources */,
			);
			runOnlyForDeploymentPostprocessing = 0;
		};
		B89921B5235E468D00EDB8AF /* Sources */ = {
			isa = PBXSourcesBuildPhase;
			buildActionMask = 2147483647;
			files = (
				B89921BE235E468D00EDB8AF /* goingToWorkUITests.swift in Sources */,
			);
			runOnlyForDeploymentPostprocessing = 0;
		};
/* End PBXSourcesBuildPhase section */

/* Begin PBXTargetDependency section */
		B89921B0235E468D00EDB8AF /* PBXTargetDependency */ = {
			isa = PBXTargetDependency;
			target = B8992196235E468C00EDB8AF /* goingToWork */;
			targetProxy = B89921AF235E468D00EDB8AF /* PBXContainerItemProxy */;
		};
		B89921BB235E468D00EDB8AF /* PBXTargetDependency */ = {
			isa = PBXTargetDependency;
			target = B8992196235E468C00EDB8AF /* goingToWork */;
			targetProxy = B89921BA235E468D00EDB8AF /* PBXContainerItemProxy */;
		};
/* End PBXTargetDependency section */

/* Begin PBXVariantGroup section */
		B899219E235E468C00EDB8AF /* Main.storyboard */ = {
			isa = PBXVariantGroup;
			children = (
				B899219F235E468C00EDB8AF /* Base */,
			);
			name = Main.storyboard;
			sourceTree = "<group>";
		};
		B89921A6235E468D00EDB8AF /* LaunchScreen.storyboard */ = {
			isa = PBXVariantGroup;
			children = (
				B89921A7235E468D00EDB8AF /* Base */,
			);
			name = LaunchScreen.storyboard;
			sourceTree = "<group>";
		};
/* End PBXVariantGroup section */

/* Begin XCBuildConfiguration section */
		B89921C0235E468D00EDB8AF /* Debug */ = {
			isa = XCBuildConfiguration;
			buildSettings = {
				ALWAYS_SEARCH_USER_PATHS = NO;
				CLANG_ANALYZER_NONNULL = YES;
				CLANG_ANALYZER_NUMBER_OBJECT_CONVERSION = YES_AGGRESSIVE;
				CLANG_CXX_LANGUAGE_STANDARD = "gnu++14";
				CLANG_CXX_LIBRARY = "libc++";
				CLANG_ENABLE_MODULES = YES;
				CLANG_ENABLE_OBJC_ARC = YES;
				CLANG_ENABLE_OBJC_WEAK = YES;
				CLANG_WARN_BLOCK_CAPTURE_AUTORELEASING = YES;
				CLANG_WARN_BOOL_CONVERSION = YES;
				CLANG_WARN_COMMA = YES;
				CLANG_WARN_CONSTANT_CONVERSION = YES;
				CLANG_WARN_DEPRECATED_OBJC_IMPLEMENTATIONS = YES;
				CLANG_WARN_DIRECT_OBJC_ISA_USAGE = YES_ERROR;
				CLANG_WARN_DOCUMENTATION_COMMENTS = YES;
				CLANG_WARN_EMPTY_BODY = YES;
				CLANG_WARN_ENUM_CONVERSION = YES;
				CLANG_WARN_INFINITE_RECURSION = YES;
				CLANG_WARN_INT_CONVERSION = YES;
				CLANG_WARN_NON_LITERAL_NULL_CONVERSION = YES;
				CLANG_WARN_OBJC_IMPLICIT_RETAIN_SELF = YES;
				CLANG_WARN_OBJC_LITERAL_CONVERSION = YES;
				CLANG_WARN_OBJC_ROOT_CLASS = YES_ERROR;
				CLANG_WARN_RANGE_LOOP_ANALYSIS = YES;
				CLANG_WARN_STRICT_PROTOTYPES = YES;
				CLANG_WARN_SUSPICIOUS_MOVE = YES;
				CLANG_WARN_UNGUARDED_AVAILABILITY = YES_AGGRESSIVE;
				CLANG_WARN_UNREACHABLE_CODE = YES;
				CLANG_WARN__DUPLICATE_METHOD_MATCH = YES;
				CODE_SIGN_IDENTITY = "iPhone Developer";
				COPY_PHASE_STRIP = NO;
				DEBUG_INFORMATION_FORMAT = dwarf;
				ENABLE_STRICT_OBJC_MSGSEND = YES;
				ENABLE_TESTABILITY = YES;
				GCC_C_LANGUAGE_STANDARD = gnu11;
				GCC_DYNAMIC_NO_PIC = NO;
				GCC_NO_COMMON_BLOCKS = YES;
				GCC_OPTIMIZATION_LEVEL = 0;
				GCC_PREPROCESSOR_DEFINITIONS = (
					"DEBUG=1",
					"$(inherited)",
				);
				GCC_WARN_64_TO_32_BIT_CONVERSION = YES;
				GCC_WARN_ABOUT_RETURN_TYPE = YES_ERROR;
				GCC_WARN_UNDECLARED_SELECTOR = YES;
				GCC_WARN_UNINITIALIZED_AUTOS = YES_AGGRESSIVE;
				GCC_WARN_UNUSED_FUNCTION = YES;
				GCC_WARN_UNUSED_VARIABLE = YES;
				IPHONEOS_DEPLOYMENT_TARGET = 12.4;
				MTL_ENABLE_DEBUG_INFO = INCLUDE_SOURCE;
				MTL_FAST_MATH = YES;
				ONLY_ACTIVE_ARCH = YES;
				SDKROOT = iphoneos;
				SWIFT_ACTIVE_COMPILATION_CONDITIONS = DEBUG;
				SWIFT_OPTIMIZATION_LEVEL = "-Onone";
			};
			name = Debug;
		};
		B89921C1235E468D00EDB8AF /* Release */ = {
			isa = XCBuildConfiguration;
			buildSettings = {
				ALWAYS_SEARCH_USER_PATHS = NO;
				CLANG_ANALYZER_NONNULL = YES;
				CLANG_ANALYZER_NUMBER_OBJECT_CONVERSION = YES_AGGRESSIVE;
				CLANG_CXX_LANGUAGE_STANDARD = "gnu++14";
				CLANG_CXX_LIBRARY = "libc++";
				CLANG_ENABLE_MODULES = YES;
				CLANG_ENABLE_OBJC_ARC = YES;
				CLANG_ENABLE_OBJC_WEAK = YES;
				CLANG_WARN_BLOCK_CAPTURE_AUTORELEASING = YES;
				CLANG_WARN_BOOL_CONVERSION = YES;
				CLANG_WARN_COMMA = YES;
				CLANG_WARN_CONSTANT_CONVERSION = YES;
				CLANG_WARN_DEPRECATED_OBJC_IMPLEMENTATIONS = YES;
				CLANG_WARN_DIRECT_OBJC_ISA_USAGE = YES_ERROR;
				CLANG_WARN_DOCUMENTATION_COMMENTS = YES;
				CLANG_WARN_EMPTY_BODY = YES;
				CLANG_WARN_ENUM_CONVERSION = YES;
				CLANG_WARN_INFINITE_RECURSION = YES;
				CLANG_WARN_INT_CONVERSION = YES;
				CLANG_WARN_NON_LITERAL_NULL_CONVERSION = YES;
				CLANG_WARN_OBJC_IMPLICIT_RETAIN_SELF = YES;
				CLANG_WARN_OBJC_LITERAL_CONVERSION = YES;
				CLANG_WARN_OBJC_ROOT_CLASS = YES_ERROR;
				CLANG_WARN_RANGE_LOOP_ANALYSIS = YES;
				CLANG_WARN_STRICT_PROTOTYPES = YES;
				CLANG_WARN_SUSPICIOUS_MOVE = YES;
				CLANG_WARN_UNGUARDED_AVAILABILITY = YES_AGGRESSIVE;
				CLANG_WARN_UNREACHABLE_CODE = YES;
				CLANG_WARN__DUPLICATE_METHOD_MATCH = YES;
				CODE_SIGN_IDENTITY = "iPhone Developer";
				COPY_PHASE_STRIP = NO;
				DEBUG_INFORMATION_FORMAT = "dwarf-with-dsym";
				ENABLE_NS_ASSERTIONS = NO;
				ENABLE_STRICT_OBJC_MSGSEND = YES;
				GCC_C_LANGUAGE_STANDARD = gnu11;
				GCC_NO_COMMON_BLOCKS = YES;
				GCC_WARN_64_TO_32_BIT_CONVERSION = YES;
				GCC_WARN_ABOUT_RETURN_TYPE = YES_ERROR;
				GCC_WARN_UNDECLARED_SELECTOR = YES;
				GCC_WARN_UNINITIALIZED_AUTOS = YES_AGGRESSIVE;
				GCC_WARN_UNUSED_FUNCTION = YES;
				GCC_WARN_UNUSED_VARIABLE = YES;
				IPHONEOS_DEPLOYMENT_TARGET = 12.4;
				MTL_ENABLE_DEBUG_INFO = NO;
				MTL_FAST_MATH = YES;
				SDKROOT = iphoneos;
				SWIFT_COMPILATION_MODE = wholemodule;
				SWIFT_OPTIMIZATION_LEVEL = "-O";
				VALIDATE_PRODUCT = YES;
			};
			name = Release;
		};
		B89921C3235E468D00EDB8AF /* Debug */ = {
			isa = XCBuildConfiguration;
			buildSettings = {
				ASSETCATALOG_COMPILER_APPICON_NAME = AppIcon;
				CODE_SIGN_STYLE = Automatic;
				INFOPLIST_FILE = goingToWork/Info.plist;
				LD_RUNPATH_SEARCH_PATHS = (
					"$(inherited)",
					"@executable_path/Frameworks",
				);
				PRODUCT_BUNDLE_IDENTIFIER = edu.gannon.goingToWork;
				PRODUCT_NAME = "$(TARGET_NAME)";
				SWIFT_VERSION = 5.0;
				TARGETED_DEVICE_FAMILY = "1,2";
			};
			name = Debug;
		};
		B89921C4235E468D00EDB8AF /* Release */ = {
			isa = XCBuildConfiguration;
			buildSettings = {
				ASSETCATALOG_COMPILER_APPICON_NAME = AppIcon;
				CODE_SIGN_STYLE = Automatic;
				INFOPLIST_FILE = goingToWork/Info.plist;
				LD_RUNPATH_SEARCH_PATHS = (
					"$(inherited)",
					"@executable_path/Frameworks",
				);
				PRODUCT_BUNDLE_IDENTIFIER = edu.gannon.goingToWork;
				PRODUCT_NAME = "$(TARGET_NAME)";
				SWIFT_VERSION = 5.0;
				TARGETED_DEVICE_FAMILY = "1,2";
			};
			name = Release;
		};
		B89921C6235E468D00EDB8AF /* Debug */ = {
			isa = XCBuildConfiguration;
			buildSettings = {
				ALWAYS_EMBED_SWIFT_STANDARD_LIBRARIES = YES;
				BUNDLE_LOADER = "$(TEST_HOST)";
				CODE_SIGN_STYLE = Automatic;
				INFOPLIST_FILE = goingToWorkTests/Info.plist;
				LD_RUNPATH_SEARCH_PATHS = (
					"$(inherited)",
					"@executable_path/Frameworks",
					"@loader_path/Frameworks",
				);
				PRODUCT_BUNDLE_IDENTIFIER = edu.gannon.goingToWorkTests;
				PRODUCT_NAME = "$(TARGET_NAME)";
				SWIFT_VERSION = 5.0;
				TARGETED_DEVICE_FAMILY = "1,2";
				TEST_HOST = "$(BUILT_PRODUCTS_DIR)/goingToWork.app/goingToWork";
			};
			name = Debug;
		};
		B89921C7235E468D00EDB8AF /* Release */ = {
			isa = XCBuildConfiguration;
			buildSettings = {
				ALWAYS_EMBED_SWIFT_STANDARD_LIBRARIES = YES;
				BUNDLE_LOADER = "$(TEST_HOST)";
				CODE_SIGN_STYLE = Automatic;
				INFOPLIST_FILE = goingToWorkTests/Info.plist;
				LD_RUNPATH_SEARCH_PATHS = (
					"$(inherited)",
					"@executable_path/Frameworks",
					"@loader_path/Frameworks",
				);
				PRODUCT_BUNDLE_IDENTIFIER = edu.gannon.goingToWorkTests;
				PRODUCT_NAME = "$(TARGET_NAME)";
				SWIFT_VERSION = 5.0;
				TARGETED_DEVICE_FAMILY = "1,2";
				TEST_HOST = "$(BUILT_PRODUCTS_DIR)/goingToWork.app/goingToWork";
			};
			name = Release;
		};
		B89921C9235E468D00EDB8AF /* Debug */ = {
			isa = XCBuildConfiguration;
			buildSettings = {
				ALWAYS_EMBED_SWIFT_STANDARD_LIBRARIES = YES;
				CODE_SIGN_STYLE = Automatic;
				INFOPLIST_FILE = goingToWorkUITests/Info.plist;
				LD_RUNPATH_SEARCH_PATHS = (
					"$(inherited)",
					"@executable_path/Frameworks",
					"@loader_path/Frameworks",
				);
				PRODUCT_BUNDLE_IDENTIFIER = edu.gannon.goingToWorkUITests;
				PRODUCT_NAME = "$(TARGET_NAME)";
				SWIFT_VERSION = 5.0;
				TARGETED_DEVICE_FAMILY = "1,2";
				TEST_TARGET_NAME = goingToWork;
			};
			name = Debug;
		};
		B89921CA235E468D00EDB8AF /* Release */ = {
			isa = XCBuildConfiguration;
			buildSettings = {
				ALWAYS_EMBED_SWIFT_STANDARD_LIBRARIES = YES;
				CODE_SIGN_STYLE = Automatic;
				INFOPLIST_FILE = goingToWorkUITests/Info.plist;
				LD_RUNPATH_SEARCH_PATHS = (
					"$(inherited)",
					"@executable_path/Frameworks",
					"@loader_path/Frameworks",
				);
				PRODUCT_BUNDLE_IDENTIFIER = edu.gannon.goingToWorkUITests;
				PRODUCT_NAME = "$(TARGET_NAME)";
				SWIFT_VERSION = 5.0;
				TARGETED_DEVICE_FAMILY = "1,2";
				TEST_TARGET_NAME = goingToWork;
			};
			name = Release;
		};
/* End XCBuildConfiguration section */

/* Begin XCConfigurationList section */
		B8992192235E468C00EDB8AF /* Build configuration list for PBXProject "goingToWork" */ = {
			isa = XCConfigurationList;
			buildConfigurations = (
				B89921C0235E468D00EDB8AF /* Debug */,
				B89921C1235E468D00EDB8AF /* Release */,
			);
			defaultConfigurationIsVisible = 0;
			defaultConfigurationName = Release;
		};
		B89921C2235E468D00EDB8AF /* Build configuration list for PBXNativeTarget "goingToWork" */ = {
			isa = XCConfigurationList;
			buildConfigurations = (
				B89921C3235E468D00EDB8AF /* Debug */,
				B89921C4235E468D00EDB8AF /* Release */,
			);
			defaultConfigurationIsVisible = 0;
			defaultConfigurationName = Release;
		};
		B89921C5235E468D00EDB8AF /* Build configuration list for PBXNativeTarget "goingToWorkTests" */ = {
			isa = XCConfigurationList;
			buildConfigurations = (
				B89921C6235E468D00EDB8AF /* Debug */,
				B89921C7235E468D00EDB8AF /* Release */,
			);
			defaultConfigurationIsVisible = 0;
			defaultConfigurationName = Release;
		};
		B89921C8235E468D00EDB8AF /* Build configuration list for PBXNativeTarget "goingToWorkUITests" */ = {
			isa = XCConfigurationList;
			buildConfigurations = (
				B89921C9235E468D00EDB8AF /* Debug */,
				B89921CA235E468D00EDB8AF /* Release */,
			);
			defaultConfigurationIsVisible = 0;
			defaultConfigurationName = Release;
		};
/* End XCConfigurationList section */

/* Begin XCVersionGroup section */
		B89921A1235E468C00EDB8AF /* goingToWork.xcdatamodeld */ = {
			isa = XCVersionGroup;
			children = (
				B89921A2235E468C00EDB8AF /* goingToWork.xcdatamodel */,
			);
			currentVersion = B89921A2235E468C00EDB8AF /* goingToWork.xcdatamodel */;
			path = goingToWork.xcdatamodeld;
			sourceTree = "<group>";
			versionGroupType = wrapper.xcdatamodel;
		};
/* End XCVersionGroup section */
	};
	rootObject = B899218F235E468C00EDB8AF /* Project object */;
}
